
Microsoft Visual Studio Solution File, Format Version 12.00
# Visual Studio Version 17
VisualStudioVersion = 17.13.35913.81 d17.13
MinimumVisualStudioVersion = 10.0.40219.1
Project("{FAE04EC0-301F-11D3-BF4B-00C04F79EFBC}") = "Linear Search", "Linear Search.csproj", "{ED87B52B-CDC3-41EB-A93C-69033C253AEF}"
EndProject
Project("{FAE04EC0-301F-11D3-BF4B-00C04F79EFBC}") = "Binary Search", "..\Binary Search\Binary Search.csproj", "{F4945B3E-653A-4472-9EFD-C89F23DFA464}"
EndProject
Project("{FAE04EC0-301F-11D3-BF4B-00C04F79EFBC}") = "Recursion", "..\Recursion\Recursion.csproj", "{5E093D9F-012D-4809-B34A-D74083C09963}"
EndProject
Project("{FAE04EC0-301F-11D3-BF4B-00C04F79EFBC}") = "Backtracking", "..\Backtracking\Backtracking.csproj", "{16366694-4727-4784-B767-2F8AA02CDF1F}"
EndProject
Global
	GlobalSection(SolutionConfigurationPlatforms) = preSolution
		Debug|Any CPU = Debug|Any CPU
		Release|Any CPU = Release|Any CPU
	EndGlobalSection
	GlobalSection(ProjectConfigurationPlatforms) = postSolution
		{ED87B52B-CDC3-41EB-A93C-69033C253AEF}.Debug|Any CPU.ActiveCfg = Debug|Any CPU
		{ED87B52B-CDC3-41EB-A93C-69033C253AEF}.Debug|Any CPU.Build.0 = Debug|Any CPU
		{ED87B52B-CDC3-41EB-A93C-69033C253AEF}.Release|Any CPU.ActiveCfg = Release|Any CPU
		{ED87B52B-CDC3-41EB-A93C-69033C253AEF}.Release|Any CPU.Build.0 = Release|Any CPU
		{F4945B3E-653A-4472-9EFD-C89F23DFA464}.Debug|Any CPU.ActiveCfg = Debug|Any CPU
		{F4945B3E-653A-4472-9EFD-C89F23DFA464}.Debug|Any CPU.Build.0 = Debug|Any CPU
		{F4945B3E-653A-4472-9EFD-C89F23DFA464}.Release|Any CPU.ActiveCfg = Release|Any CPU
		{F4945B3E-653A-4472-9EFD-C89F23DFA464}.Release|Any CPU.Build.0 = Release|Any CPU
		{5E093D9F-012D-4809-B34A-D74083C09963}.Debug|Any CPU.ActiveCfg = Debug|Any CPU
		{5E093D9F-012D-4809-B34A-D74083C09963}.Debug|Any CPU.Build.0 = Debug|Any CPU
		{5E093D9F-012D-4809-B34A-D74083C09963}.Release|Any CPU.ActiveCfg = Release|Any CPU
		{5E093D9F-012D-4809-B34A-D74083C09963}.Release|Any CPU.Build.0 = Release|Any CPU
		{16366694-4727-4784-B767-2F8AA02CDF1F}.Debug|Any CPU.ActiveCfg = Debug|Any CPU
		{16366694-4727-4784-B767-2F8AA02CDF1F}.Debug|Any CPU.Build.0 = Debug|Any CPU
		{16366694-4727-4784-B767-2F8AA02CDF1F}.Release|Any CPU.ActiveCfg = Release|Any CPU
		{16366694-4727-4784-B767-2F8AA02CDF1F}.Release|Any CPU.Build.0 = Release|Any CPU
	EndGlobalSection
	GlobalSection(SolutionProperties) = preSolution
		HideSolutionNode = FALSE
	EndGlobalSection
	GlobalSection(ExtensibilityGlobals) = postSolution
		SolutionGuid = {DE2C638C-60A3-4F9B-919B-E4BC1B671EEC}
	EndGlobalSection
EndGlobal
