
Microsoft Visual Studio Solution File, Format Version 12.00
# Visual Studio Version 17
VisualStudioVersion = 17.13.35913.81
MinimumVisualStudioVersion = 10.0.40219.1
Project("{FAE04EC0-301F-11D3-BF4B-00C04F79EFBC}") = "BubbleSelection", "BubbleSelection.csproj", "{A1C96098-0393-4A62-8AB2-E9449BEA1D6A}"
EndProject
Project("{FAE04EC0-301F-11D3-BF4B-00C04F79EFBC}") = "Insertion", "..\Alogorithm02\Insertion.csproj", "{EFEED726-7074-41B2-B63E-5215FC6E0CA9}"
EndProject
Project("{FAE04EC0-301F-11D3-BF4B-00C04F79EFBC}") = "Quick", "..\Alogorithm03\Quick.csproj", "{15B743CD-64E6-4062-9AA0-24E338BF8393}"
EndProject
Project("{FAE04EC0-301F-11D3-BF4B-00C04F79EFBC}") = "Merge", "..\Algorithm04\Merge.csproj", "{2B9531CE-A714-47FC-A4CA-8FC48620CD6D}"
EndProject
Project("{FAE04EC0-301F-11D3-BF4B-00C04F79EFBC}") = "Heap", "..\Heap\Heap.csproj", "{D93E1E04-6CB0-417F-B903-FC2E775B39CF}"
EndProject
Global
	GlobalSection(SolutionConfigurationPlatforms) = preSolution
		Debug|Any CPU = Debug|Any CPU
		Release|Any CPU = Release|Any CPU
	EndGlobalSection
	GlobalSection(ProjectConfigurationPlatforms) = postSolution
		{A1C96098-0393-4A62-8AB2-E9449BEA1D6A}.Debug|Any CPU.ActiveCfg = Debug|Any CPU
		{A1C96098-0393-4A62-8AB2-E9449BEA1D6A}.Debug|Any CPU.Build.0 = Debug|Any CPU
		{A1C96098-0393-4A62-8AB2-E9449BEA1D6A}.Release|Any CPU.ActiveCfg = Release|Any CPU
		{A1C96098-0393-4A62-8AB2-E9449BEA1D6A}.Release|Any CPU.Build.0 = Release|Any CPU
		{EFEED726-7074-41B2-B63E-5215FC6E0CA9}.Debug|Any CPU.ActiveCfg = Debug|Any CPU
		{EFEED726-7074-41B2-B63E-5215FC6E0CA9}.Debug|Any CPU.Build.0 = Debug|Any CPU
		{EFEED726-7074-41B2-B63E-5215FC6E0CA9}.Release|Any CPU.ActiveCfg = Release|Any CPU
		{EFEED726-7074-41B2-B63E-5215FC6E0CA9}.Release|Any CPU.Build.0 = Release|Any CPU
		{15B743CD-64E6-4062-9AA0-24E338BF8393}.Debug|Any CPU.ActiveCfg = Debug|Any CPU
		{15B743CD-64E6-4062-9AA0-24E338BF8393}.Debug|Any CPU.Build.0 = Debug|Any CPU
		{15B743CD-64E6-4062-9AA0-24E338BF8393}.Release|Any CPU.ActiveCfg = Release|Any CPU
		{15B743CD-64E6-4062-9AA0-24E338BF8393}.Release|Any CPU.Build.0 = Release|Any CPU
		{2B9531CE-A714-47FC-A4CA-8FC48620CD6D}.Debug|Any CPU.ActiveCfg = Debug|Any CPU
		{2B9531CE-A714-47FC-A4CA-8FC48620CD6D}.Debug|Any CPU.Build.0 = Debug|Any CPU
		{2B9531CE-A714-47FC-A4CA-8FC48620CD6D}.Release|Any CPU.ActiveCfg = Release|Any CPU
		{2B9531CE-A714-47FC-A4CA-8FC48620CD6D}.Release|Any CPU.Build.0 = Release|Any CPU
		{D93E1E04-6CB0-417F-B903-FC2E775B39CF}.Debug|Any CPU.ActiveCfg = Debug|Any CPU
		{D93E1E04-6CB0-417F-B903-FC2E775B39CF}.Debug|Any CPU.Build.0 = Debug|Any CPU
		{D93E1E04-6CB0-417F-B903-FC2E775B39CF}.Release|Any CPU.ActiveCfg = Release|Any CPU
		{D93E1E04-6CB0-417F-B903-FC2E775B39CF}.Release|Any CPU.Build.0 = Release|Any CPU
	EndGlobalSection
	GlobalSection(SolutionProperties) = preSolution
		HideSolutionNode = FALSE
	EndGlobalSection
	GlobalSection(ExtensibilityGlobals) = postSolution
		SolutionGuid = {93AFAB0D-43FF-461E-A40F-51FBFD5B5AD7}
	EndGlobalSection
EndGlobal
